
Microsoft Visual Studio Solution File, Format Version 12.00
# Visual Studio 15
VisualStudioVersion = 15.0.27703.2000
MinimumVisualStudioVersion = 10.0.40219.1
Project("{FAE04EC0-301F-11D3-BF4B-00C04F79EFBC}") = "LICServer", "LICServer\LICServer.csproj", "{11146096-F34F-403A-869C-675CD727F393}"
EndProject
Global
	GlobalSection(SolutionConfigurationPlatforms) = preSolution
		Debug|Any CPU = Debug|Any CPU
		Release|Any CPU = Release|Any CPU
	EndGlobalSection
	GlobalSection(ProjectConfigurationPlatforms) = postSolution
		{11146096-F34F-403A-869C-675CD727F393}.Debug|Any CPU.ActiveCfg = Debug|Any CPU
		{11146096-F34F-403A-869C-675CD727F393}.Debug|Any CPU.Build.0 = Debug|Any CPU
		{11146096-F34F-403A-869C-675CD727F393}.Release|Any CPU.ActiveCfg = Release|Any CPU
		{11146096-F34F-403A-869C-675CD727F393}.Release|Any CPU.Build.0 = Release|Any CPU
	EndGlobalSection
	GlobalSection(SolutionProperties) = preSolution
		HideSolutionNode = FALSE
	EndGlobalSection
	GlobalSection(ExtensibilityGlobals) = postSolution
		SolutionGuid = {DCC4292F-23ED-4211-B829-A8F1C15E7593}
	EndGlobalSection
EndGlobal
